
Microsoft Visual Studio Solution File, Format Version 12.00
# Visual Studio Version 17
VisualStudioVersion = 17.10.34916.146
MinimumVisualStudioVersion = 10.0.40219.1
Project("{FAE04EC0-301F-11D3-BF4B-00C04F79EFBC}") = "BusinessObjects", "BusinessObjects\BusinessObjects.csproj", "{58D22685-062A-4748-9FC5-BE20CF32E944}"
EndProject
Project("{FAE04EC0-301F-11D3-BF4B-00C04F79EFBC}") = "DataAccessObjects", "DataAccessObjects\DataAccessObjects.csproj", "{5F7C71F2-8A12-4D3C-AFC2-CB023635AFB5}"
EndProject
Project("{FAE04EC0-301F-11D3-BF4B-00C04F79EFBC}") = "Repositories", "Repositories\Repositories.csproj", "{940FD3D6-BDB2-4903-908A-08036BB2F6DE}"
EndProject
Project("{FAE04EC0-301F-11D3-BF4B-00C04F79EFBC}") = "Services", "Services\Services.csproj", "{82697B06-FC5A-4479-84F9-4DBC1ABFDBA8}"
EndProject
Project("{FAE04EC0-301F-11D3-BF4B-00C04F79EFBC}") = "CosmeticAPI", "CosmeticAPI\CosmeticAPI.csproj", "{C6645DE9-B008-46DB-AB68-70A20E36D3B3}"
EndProject
Global
	GlobalSection(SolutionConfigurationPlatforms) = preSolution
		Debug|Any CPU = Debug|Any CPU
		Release|Any CPU = Release|Any CPU
	EndGlobalSection
	GlobalSection(ProjectConfigurationPlatforms) = postSolution
		{58D22685-062A-4748-9FC5-BE20CF32E944}.Debug|Any CPU.ActiveCfg = Debug|Any CPU
		{58D22685-062A-4748-9FC5-BE20CF32E944}.Debug|Any CPU.Build.0 = Debug|Any CPU
		{58D22685-062A-4748-9FC5-BE20CF32E944}.Release|Any CPU.ActiveCfg = Release|Any CPU
		{58D22685-062A-4748-9FC5-BE20CF32E944}.Release|Any CPU.Build.0 = Release|Any CPU
		{5F7C71F2-8A12-4D3C-AFC2-CB023635AFB5}.Debug|Any CPU.ActiveCfg = Debug|Any CPU
		{5F7C71F2-8A12-4D3C-AFC2-CB023635AFB5}.Debug|Any CPU.Build.0 = Debug|Any CPU
		{5F7C71F2-8A12-4D3C-AFC2-CB023635AFB5}.Release|Any CPU.ActiveCfg = Release|Any CPU
		{5F7C71F2-8A12-4D3C-AFC2-CB023635AFB5}.Release|Any CPU.Build.0 = Release|Any CPU
		{940FD3D6-BDB2-4903-908A-08036BB2F6DE}.Debug|Any CPU.ActiveCfg = Debug|Any CPU
		{940FD3D6-BDB2-4903-908A-08036BB2F6DE}.Debug|Any CPU.Build.0 = Debug|Any CPU
		{940FD3D6-BDB2-4903-908A-08036BB2F6DE}.Release|Any CPU.ActiveCfg = Release|Any CPU
		{940FD3D6-BDB2-4903-908A-08036BB2F6DE}.Release|Any CPU.Build.0 = Release|Any CPU
		{82697B06-FC5A-4479-84F9-4DBC1ABFDBA8}.Debug|Any CPU.ActiveCfg = Debug|Any CPU
		{82697B06-FC5A-4479-84F9-4DBC1ABFDBA8}.Debug|Any CPU.Build.0 = Debug|Any CPU
		{82697B06-FC5A-4479-84F9-4DBC1ABFDBA8}.Release|Any CPU.ActiveCfg = Release|Any CPU
		{82697B06-FC5A-4479-84F9-4DBC1ABFDBA8}.Release|Any CPU.Build.0 = Release|Any CPU
		{C6645DE9-B008-46DB-AB68-70A20E36D3B3}.Debug|Any CPU.ActiveCfg = Debug|Any CPU
		{C6645DE9-B008-46DB-AB68-70A20E36D3B3}.Debug|Any CPU.Build.0 = Debug|Any CPU
		{C6645DE9-B008-46DB-AB68-70A20E36D3B3}.Release|Any CPU.ActiveCfg = Release|Any CPU
		{C6645DE9-B008-46DB-AB68-70A20E36D3B3}.Release|Any CPU.Build.0 = Release|Any CPU
	EndGlobalSection
	GlobalSection(SolutionProperties) = preSolution
		HideSolutionNode = FALSE
	EndGlobalSection
	GlobalSection(ExtensibilityGlobals) = postSolution
		SolutionGuid = {AEFCCD13-BF83-41AB-87F9-00419F676F3F}
	EndGlobalSection
EndGlobal
